
Microsoft Visual Studio Solution File, Format Version 12.00
# Visual Studio Version 17
VisualStudioVersion = 17.13.35913.81 d17.13
MinimumVisualStudioVersion = 10.0.40219.1
Project("{FAE04EC0-301F-11D3-BF4B-00C04F79EFBC}") = "Semana2_Ej3", "Semana2_Ej3\Semana2_Ej3.csproj", "{308C2D09-106F-4367-94F2-F75266CD39B1}"
EndProject
Global
	GlobalSection(SolutionConfigurationPlatforms) = preSolution
		Debug|Any CPU = Debug|Any CPU
		Release|Any CPU = Release|Any CPU
	EndGlobalSection
	GlobalSection(ProjectConfigurationPlatforms) = postSolution
		{308C2D09-106F-4367-94F2-F75266CD39B1}.Debug|Any CPU.ActiveCfg = Debug|Any CPU
		{308C2D09-106F-4367-94F2-F75266CD39B1}.Debug|Any CPU.Build.0 = Debug|Any CPU
		{308C2D09-106F-4367-94F2-F75266CD39B1}.Release|Any CPU.ActiveCfg = Release|Any CPU
		{308C2D09-106F-4367-94F2-F75266CD39B1}.Release|Any CPU.Build.0 = Release|Any CPU
	EndGlobalSection
	GlobalSection(SolutionProperties) = preSolution
		HideSolutionNode = FALSE
	EndGlobalSection
	GlobalSection(ExtensibilityGlobals) = postSolution
		SolutionGuid = {F21560C0-B2A8-408A-BF36-8F8497985E1B}
	EndGlobalSection
EndGlobal
