
Microsoft Visual Studio Solution File, Format Version 12.00
# Visual Studio Version 17
VisualStudioVersion = 17.13.35913.81 d17.13
MinimumVisualStudioVersion = 10.0.40219.1
Project("{FAE04EC0-301F-11D3-BF4B-00C04F79EFBC}") = "Semana3_PrimerProyecto", "Semana3_PrimerProyecto\Semana3_PrimerProyecto.csproj", "{F240D6DD-791F-4013-9846-29A992E1F554}"
EndProject
Global
	GlobalSection(SolutionConfigurationPlatforms) = preSolution
		Debug|Any CPU = Debug|Any CPU
		Release|Any CPU = Release|Any CPU
	EndGlobalSection
	GlobalSection(ProjectConfigurationPlatforms) = postSolution
		{F240D6DD-791F-4013-9846-29A992E1F554}.Debug|Any CPU.ActiveCfg = Debug|Any CPU
		{F240D6DD-791F-4013-9846-29A992E1F554}.Debug|Any CPU.Build.0 = Debug|Any CPU
		{F240D6DD-791F-4013-9846-29A992E1F554}.Release|Any CPU.ActiveCfg = Release|Any CPU
		{F240D6DD-791F-4013-9846-29A992E1F554}.Release|Any CPU.Build.0 = Release|Any CPU
	EndGlobalSection
	GlobalSection(SolutionProperties) = preSolution
		HideSolutionNode = FALSE
	EndGlobalSection
	GlobalSection(ExtensibilityGlobals) = postSolution
		SolutionGuid = {1024D3AB-66E3-46D0-8E4D-580807A6B935}
	EndGlobalSection
EndGlobal
